github.com/ErikKassubek/deadlockDetectorGo/src v0.0.0-20230517073319-05f4dbcbf12e h1:mXr9OtGqFEzhLcrDcH8zjcnIzaJefdsYgpA8tDC93+M=
github.com/ErikKassubek/deadlockDetectorGo/src v0.0.0-20230517073319-05f4dbcbf12e/go.mod h1:bq7WS3hSFdy1IJCqTgJ1N2AF9eI+TnzFVdlnt7ZNE0A=
github.com/jfcg/sixb v1.3.8 h1:BKPp/mIFCkKnnqhbgasI4wO/BYas6NHNcUCowUfTzSI=
github.com/jfcg/sixb v1.3.8/go.mod h1:UWrAr1q9s7pSPPqZNccmQM4N75p8GvuBYdFuq+09Qns=
github.com/petermattis/goid v0.0.0-20230317030725-371a4b8eda08 h1:hDSdbBuw3Lefr6R18ax0tZ2BJeNB3NehB3trOwYBsdU=
github.com/petermattis/goid v0.0.0-20230317030725-371a4b8eda08/go.mod h1:pxMtw7cyUw6B2bRH0ZBANSPg+AoSud1I1iyJHI69jH4=
